
Microsoft Visual Studio Solution File, Format Version 12.00
# Visual Studio Version 17
VisualStudioVersion = 17.10.35004.147
MinimumVisualStudioVersion = 10.0.40219.1
Project("{FAE04EC0-301F-11D3-BF4B-00C04F79EFBC}") = "TorokDonat_allatkert", "TorokDonat_allatkert\TorokDonat_allatkert.csproj", "{7ED7808A-9031-4566-BE4F-406ECBD6732E}"
EndProject
Global
	GlobalSection(SolutionConfigurationPlatforms) = preSolution
		Debug|Any CPU = Debug|Any CPU
		Release|Any CPU = Release|Any CPU
	EndGlobalSection
	GlobalSection(ProjectConfigurationPlatforms) = postSolution
		{7ED7808A-9031-4566-BE4F-406ECBD6732E}.Debug|Any CPU.ActiveCfg = Debug|Any CPU
		{7ED7808A-9031-4566-BE4F-406ECBD6732E}.Debug|Any CPU.Build.0 = Debug|Any CPU
		{7ED7808A-9031-4566-BE4F-406ECBD6732E}.Release|Any CPU.ActiveCfg = Release|Any CPU
		{7ED7808A-9031-4566-BE4F-406ECBD6732E}.Release|Any CPU.Build.0 = Release|Any CPU
	EndGlobalSection
	GlobalSection(SolutionProperties) = preSolution
		HideSolutionNode = FALSE
	EndGlobalSection
	GlobalSection(ExtensibilityGlobals) = postSolution
		SolutionGuid = {022368B2-AAAA-4B6F-AF97-30C23470B53F}
	EndGlobalSection
EndGlobal
